Microsoft Visual Studio Solution File, Format Version 12.00
# Visual Studio Version 17
VisualStudioVersion = 17.5.2.0
MinimumVisualStudioVersion = 10.0.40219.1
Project("{FAE04EC0-301F-11D3-BF4B-00C04F79EFBC}") = "MauiAppMinhasCompras", "MauiAppMinhasCompras.csproj", "{8720A261-32B4-65F6-F65F-051BE2F8E306}"
EndProject
Global
	GlobalSection(SolutionConfigurationPlatforms) = preSolution
		Debug|Any CPU = Debug|Any CPU
		Release|Any CPU = Release|Any CPU
	EndGlobalSection
	GlobalSection(ProjectConfigurationPlatforms) = postSolution
		{8720A261-32B4-65F6-F65F-051BE2F8E306}.Debug|Any CPU.ActiveCfg = Debug|Any CPU
		{8720A261-32B4-65F6-F65F-051BE2F8E306}.Debug|Any CPU.Build.0 = Debug|Any CPU
		{8720A261-32B4-65F6-F65F-051BE2F8E306}.Release|Any CPU.ActiveCfg = Release|Any CPU
		{8720A261-32B4-65F6-F65F-051BE2F8E306}.Release|Any CPU.Build.0 = Release|Any CPU
	EndGlobalSection
	GlobalSection(SolutionProperties) = preSolution
		HideSolutionNode = FALSE
	EndGlobalSection
	GlobalSection(ExtensibilityGlobals) = postSolution
		SolutionGuid = {BF810D77-6A81-4633-8713-FB12252BD532}
	EndGlobalSection
EndGlobal
